// !$*UTF8*$!
{
	archiveVersion = 1;
	classes = {
	};
	objectVersion = 42;
	objects = {

/* Begin PBXBuildFile section */
		013973BD0677AE6500458D55 /* AppDelegate.h in Resources */ = {isa = PBXBuildFile; fileRef = 013973B10677AE6500458D55 /* AppDelegate.h */; };
		013973BE0677AE6500458D55 /* AppDelegate.m in Sources */ = {isa = PBXBuildFile; fileRef = 013973B20677AE6500458D55 /* AppDelegate.m */; };
		013973BF0677AE6500458D55 /* Circle.h in Resources */ = {isa = PBXBuildFile; fileRef = 013973B30677AE6500458D55 /* Circle.h */; };
		013973C00677AE6500458D55 /* Circle.m in Sources */ = {isa = PBXBuildFile; fileRef = 013973B40677AE6500458D55 /* Circle.m */; };
		013973C10677AE6500458D55 /* Extras.h in Resources */ = {isa = PBXBuildFile; fileRef = 013973B50677AE6500458D55 /* Extras.h */; };
		013973C20677AE6500458D55 /* Extras.m in Sources */ = {isa = PBXBuildFile; fileRef = 013973B60677AE6500458D55 /* Extras.m */; };
		013973C30677AE6500458D55 /* ShadowOffsetView.h in Resources */ = {isa = PBXBuildFile; fileRef = 013973B70677AE6500458D55 /* ShadowOffsetView.h */; };
		013973C40677AE6500458D55 /* ShadowOffsetView.m in Sources */ = {isa = PBXBuildFile; fileRef = 013973B80677AE6500458D55 /* ShadowOffsetView.m */; };
		013973C50677AE6500458D55 /* TLayerDemo.h in Resources */ = {isa = PBXBuildFile; fileRef = 013973B90677AE6500458D55 /* TLayerDemo.h */; };
		013973C60677AE6500458D55 /* TLayerDemo.m in Sources */ = {isa = PBXBuildFile; fileRef = 013973BA0677AE6500458D55 /* TLayerDemo.m */; };
		013973C70677AE6500458D55 /* TLayerView.h in Resources */ = {isa = PBXBuildFile; fileRef = 013973BB0677AE6500458D55 /* TLayerView.h */; };
		013973C80677AE6500458D55 /* TLayerView.m in Sources */ = {isa = PBXBuildFile; fileRef = 013973BC0677AE6500458D55 /* TLayerView.m */; };
		013973CB0677B20100458D55 /* TLayerDemo.nib in Resources */ = {isa = PBXBuildFile; fileRef = 013973C90677B20100458D55 /* TLayerDemo.nib */; };
		8D11072A0486CEB800E47090 /* MainMenu.nib in Resources */ = {isa = PBXBuildFile; fileRef = 29B97318FDCFA39411CA2CEA /* MainMenu.nib */; };
		8D11072B0486CEB800E47090 /* InfoPlist.strings in Resources */ = {isa = PBXBuildFile; fileRef = 089C165CFE840E0CC02AAC07 /* InfoPlist.strings */; };
		8D11072D0486CEB800E47090 /* main.m in Sources */ = {isa = PBXBuildFile; fileRef = 29B97316FDCFA39411CA2CEA /* main.m */; settings = {ATTRIBUTES = (); }; };
		8D11072F0486CEB800E47090 /* Cocoa.framework in Frameworks */ = {isa = PBXBuildFile; fileRef = 1058C7A1FEA54F0111CA2CBB /* Cocoa.framework */; };
/* End PBXBuildFile section */

/* Begin PBXFileReference section */
		013973B10677AE6500458D55 /* AppDelegate.h */ = {isa = PBXFileReference; fileEncoding = 30; lastKnownFileType = sourcecode.c.h; path = AppDelegate.h; sourceTree = "<group>"; };
		013973B20677AE6500458D55 /* AppDelegate.m */ = {isa = PBXFileReference; fileEncoding = 30; lastKnownFileType = sourcecode.c.objc; path = AppDelegate.m; sourceTree = "<group>"; };
		013973B30677AE6500458D55 /* Circle.h */ = {isa = PBXFileReference; fileEncoding = 30; lastKnownFileType = sourcecode.c.h; path = Circle.h; sourceTree = "<group>"; };
		013973B40677AE6500458D55 /* Circle.m */ = {isa = PBXFileReference; fileEncoding = 30; lastKnownFileType = sourcecode.c.objc; path = Circle.m; sourceTree = "<group>"; };
		013973B50677AE6500458D55 /* Extras.h */ = {isa = PBXFileReference; fileEncoding = 30; lastKnownFileType = sourcecode.c.h; path = Extras.h; sourceTree = "<group>"; };
		013973B60677AE6500458D55 /* Extras.m */ = {isa = PBXFileReference; fileEncoding = 30; lastKnownFileType = sourcecode.c.objc; path = Extras.m; sourceTree = "<group>"; };
		013973B70677AE6500458D55 /* ShadowOffsetView.h */ = {isa = PBXFileReference; fileEncoding = 30; lastKnownFileType = sourcecode.c.h; path = ShadowOffsetView.h; sourceTree = "<group>"; };
		013973B80677AE6500458D55 /* ShadowOffsetView.m */ = {isa = PBXFileReference; fileEncoding = 30; lastKnownFileType = sourcecode.c.objc; path = ShadowOffsetView.m; sourceTree = "<group>"; };
		013973B90677AE6500458D55 /* TLayerDemo.h */ = {isa = PBXFileReference; fileEncoding = 30; lastKnownFileType = sourcecode.c.h; path = TLayerDemo.h; sourceTree = "<group>"; };
		013973BA0677AE6500458D55 /* TLayerDemo.m */ = {isa = PBXFileReference; fileEncoding = 30; lastKnownFileType = sourcecode.c.objc; path = TLayerDemo.m; sourceTree = "<group>"; };
		013973BB0677AE6500458D55 /* TLayerView.h */ = {isa = PBXFileReference; fileEncoding = 30; lastKnownFileType = sourcecode.c.h; path = TLayerView.h; sourceTree = "<group>"; };
		013973BC0677AE6500458D55 /* TLayerView.m */ = {isa = PBXFileReference; fileEncoding = 30; lastKnownFileType = sourcecode.c.objc; path = TLayerView.m; sourceTree = "<group>"; };
		013973CA0677B20100458D55 /* English */ = {isa = PBXFileReference; lastKnownFileType = wrapper.nib; name = English; path = English.lproj/TLayerDemo.nib; sourceTree = "<group>"; };
		089C165DFE840E0CC02AAC07 /* English */ = {isa = PBXFileReference; fileEncoding = 10; lastKnownFileType = text.plist.strings; name = English; path = English.lproj/InfoPlist.strings; sourceTree = "<group>"; };
		1058C7A1FEA54F0111CA2CBB /* Cocoa.framework */ = {isa = PBXFileReference; lastKnownFileType = wrapper.framework; name = Cocoa.framework; path = /System/Library/Frameworks/Cocoa.framework; sourceTree = "<absolute>"; };
		29B97316FDCFA39411CA2CEA /* main.m */ = {isa = PBXFileReference; fileEncoding = 4; lastKnownFileType = sourcecode.c.objc; path = main.m; sourceTree = "<group>"; };
		29B97319FDCFA39411CA2CEA /* English */ = {isa = PBXFileReference; lastKnownFileType = wrapper.nib; name = English; path = English.lproj/MainMenu.nib; sourceTree = "<group>"; };
		29B97324FDCFA39411CA2CEA /* AppKit.framework */ = {isa = PBXFileReference; lastKnownFileType = wrapper.framework; name = AppKit.framework; path = /System/Library/Frameworks/AppKit.framework; sourceTree = "<absolute>"; };
		29B97325FDCFA39411CA2CEA /* Foundation.framework */ = {isa = PBXFileReference; lastKnownFileType = wrapper.framework; name = Foundation.framework; path = /System/Library/Frameworks/Foundation.framework; sourceTree = "<absolute>"; };
		8D1107310486CEB800E47090 /* Info.plist */ = {isa = PBXFileReference; fileEncoding = 4; lastKnownFileType = text.plist; path = Info.plist; sourceTree = "<group>"; };
		8D1107320486CEB800E47090 /* TLayer.app */ = {isa = PBXFileReference; explicitFileType = wrapper.application; includeInIndex = 0; path = TLayer.app; sourceTree = BUILT_PRODUCTS_DIR; };
/* End PBXFileReference section */

/* Begin PBXFrameworksBuildPhase section */
		8D11072E0486CEB800E47090 /* Frameworks */ = {
			isa = PBXFrameworksBuildPhase;
			buildActionMask = 2147483647;
			files = (
				8D11072F0486CEB800E47090 /* Cocoa.framework in Frameworks */,
			);
			runOnlyForDeploymentPostprocessing = 0;
		};
/* End PBXFrameworksBuildPhase section */

/* Begin PBXGroup section */
		080E96DDFE201D6D7F000001 /* Classes */ = {
			isa = PBXGroup;
			children = (
				013973B10677AE6500458D55 /* AppDelegate.h */,
				013973B20677AE6500458D55 /* AppDelegate.m */,
				013973B30677AE6500458D55 /* Circle.h */,
				013973B40677AE6500458D55 /* Circle.m */,
				013973B50677AE6500458D55 /* Extras.h */,
				013973B60677AE6500458D55 /* Extras.m */,
				013973B70677AE6500458D55 /* ShadowOffsetView.h */,
				013973B80677AE6500458D55 /* ShadowOffsetView.m */,
				013973B90677AE6500458D55 /* TLayerDemo.h */,
				013973BA0677AE6500458D55 /* TLayerDemo.m */,
				013973BB0677AE6500458D55 /* TLayerView.h */,
				013973BC0677AE6500458D55 /* TLayerView.m */,
			);
			name = Classes;
			sourceTree = "<group>";
		};
		1058C7A0FEA54F0111CA2CBB /* Linked Frameworks */ = {
			isa = PBXGroup;
			children = (
				1058C7A1FEA54F0111CA2CBB /* Cocoa.framework */,
			);
			name = "Linked Frameworks";
			sourceTree = "<group>";
		};
		1058C7A2FEA54F0111CA2CBB /* Other Frameworks */ = {
			isa = PBXGroup;
			children = (
				29B97325FDCFA39411CA2CEA /* Foundation.framework */,
				29B97324FDCFA39411CA2CEA /* AppKit.framework */,
			);
			name = "Other Frameworks";
			sourceTree = "<group>";
		};
		19C28FACFE9D520D11CA2CBB /* Products */ = {
			isa = PBXGroup;
			children = (
				8D1107320486CEB800E47090 /* TLayer.app */,
			);
			name = Products;
			sourceTree = "<group>";
		};
		29B97314FDCFA39411CA2CEA /* TLayer */ = {
			isa = PBXGroup;
			children = (
				080E96DDFE201D6D7F000001 /* Classes */,
				29B97315FDCFA39411CA2CEA /* Other Sources */,
				29B97317FDCFA39411CA2CEA /* Resources */,
				29B97323FDCFA39411CA2CEA /* Frameworks */,
				19C28FACFE9D520D11CA2CBB /* Products */,
			);
			name = TLayer;
			sourceTree = "<group>";
		};
		29B97315FDCFA39411CA2CEA /* Other Sources */ = {
			isa = PBXGroup;
			children = (
				29B97316FDCFA39411CA2CEA /* main.m */,
			);
			name = "Other Sources";
			sourceTree = "<group>";
		};
		29B97317FDCFA39411CA2CEA /* Resources */ = {
			isa = PBXGroup;
			children = (
				013973C90677B20100458D55 /* TLayerDemo.nib */,
				8D1107310486CEB800E47090 /* Info.plist */,
				089C165CFE840E0CC02AAC07 /* InfoPlist.strings */,
				29B97318FDCFA39411CA2CEA /* MainMenu.nib */,
			);
			name = Resources;
			sourceTree = "<group>";
		};
		29B97323FDCFA39411CA2CEA /* Frameworks */ = {
			isa = PBXGroup;
			children = (
				1058C7A0FEA54F0111CA2CBB /* Linked Frameworks */,
				1058C7A2FEA54F0111CA2CBB /* Other Frameworks */,
			);
			name = Frameworks;
			sourceTree = "<group>";
		};
/* End PBXGroup section */

/* Begin PBXNativeTarget section */
		8D1107260486CEB800E47090 /* TLayer */ = {
			isa = PBXNativeTarget;
			buildConfigurationList = 6BE0A7850B57F36600B09EE0 /* Build configuration list for PBXNativeTarget "TLayer" */;
			buildPhases = (
				8D1107290486CEB800E47090 /* Resources */,
				8D11072C0486CEB800E47090 /* Sources */,
				8D11072E0486CEB800E47090 /* Frameworks */,
			);
			buildRules = (
			);
			dependencies = (
			);
			name = TLayer;
			productInstallPath = "$(HOME)/Applications";
			productName = TLayer;
			productReference = 8D1107320486CEB800E47090 /* TLayer.app */;
			productType = "com.apple.product-type.application";
		};
/* End PBXNativeTarget section */

/* Begin PBXProject section */
		29B97313FDCFA39411CA2CEA /* Project object */ = {
			isa = PBXProject;
			buildConfigurationList = 6BE0A7810B57F36600B09EE0 /* Build configuration list for PBXProject "TLayer" */;
			compatibilityVersion = "Xcode 2.4";
			hasScannedForEncodings = 1;
			mainGroup = 29B97314FDCFA39411CA2CEA /* TLayer */;
			projectDirPath = "";
			projectRoot = "";
			shouldCheckCompatibility = 1;
			targets = (
				8D1107260486CEB800E47090 /* TLayer */,
			);
		};
/* End PBXProject section */

/* Begin PBXResourcesBuildPhase section */
		8D1107290486CEB800E47090 /* Resources */ = {
			isa = PBXResourcesBuildPhase;
			buildActionMask = 2147483647;
			files = (
				8D11072A0486CEB800E47090 /* MainMenu.nib in Resources */,
				8D11072B0486CEB800E47090 /* InfoPlist.strings in Resources */,
				013973BD0677AE6500458D55 /* AppDelegate.h in Resources */,
				013973BF0677AE6500458D55 /* Circle.h in Resources */,
				013973C10677AE6500458D55 /* Extras.h in Resources */,
				013973C30677AE6500458D55 /* ShadowOffsetView.h in Resources */,
				013973C50677AE6500458D55 /* TLayerDemo.h in Resources */,
				013973C70677AE6500458D55 /* TLayerView.h in Resources */,
				013973CB0677B20100458D55 /* TLayerDemo.nib in Resources */,
			);
			runOnlyForDeploymentPostprocessing = 0;
		};
/* End PBXResourcesBuildPhase section */

/* Begin PBXSourcesBuildPhase section */
		8D11072C0486CEB800E47090 /* Sources */ = {
			isa = PBXSourcesBuildPhase;
			buildActionMask = 2147483647;
			files = (
				8D11072D0486CEB800E47090 /* main.m in Sources */,
				013973BE0677AE6500458D55 /* AppDelegate.m in Sources */,
				013973C00677AE6500458D55 /* Circle.m in Sources */,
				013973C20677AE6500458D55 /* Extras.m in Sources */,
				013973C40677AE6500458D55 /* ShadowOffsetView.m in Sources */,
				013973C60677AE6500458D55 /* TLayerDemo.m in Sources */,
				013973C80677AE6500458D55 /* TLayerView.m in Sources */,
			);
			runOnlyForDeploymentPostprocessing = 0;
		};
/* End PBXSourcesBuildPhase section */

/* Begin PBXVariantGroup section */
		013973C90677B20100458D55 /* TLayerDemo.nib */ = {
			isa = PBXVariantGroup;
			children = (
				013973CA0677B20100458D55 /* English */,
			);
			name = TLayerDemo.nib;
			sourceTree = "<group>";
		};
		089C165CFE840E0CC02AAC07 /* InfoPlist.strings */ = {
			isa = PBXVariantGroup;
			children = (
				089C165DFE840E0CC02AAC07 /* English */,
			);
			name = InfoPlist.strings;
			sourceTree = "<group>";
		};
		29B97318FDCFA39411CA2CEA /* MainMenu.nib */ = {
			isa = PBXVariantGroup;
			children = (
				29B97319FDCFA39411CA2CEA /* English */,
			);
			name = MainMenu.nib;
			sourceTree = "<group>";
		};
/* End PBXVariantGroup section */

/* Begin XCBuildConfiguration section */
		6BE0A7820B57F36600B09EE0 /* Development */ = {
			isa = XCBuildConfiguration;
			buildSettings = {
			};
			name = Development;
		};
		6BE0A7830B57F36600B09EE0 /* Deployment */ = {
			isa = XCBuildConfiguration;
			buildSettings = {
			};
			name = Deployment;
		};
		6BE0A7840B57F36600B09EE0 /* Default */ = {
			isa = XCBuildConfiguration;
			buildSettings = {
			};
			name = Default;
		};
		6BE0A7860B57F36600B09EE0 /* Development */ = {
			isa = XCBuildConfiguration;
			buildSettings = {
				COPY_PHASE_STRIP = NO;
				GCC_DYNAMIC_NO_PIC = NO;
				GCC_ENABLE_FIX_AND_CONTINUE = YES;
				GCC_GENERATE_DEBUGGING_SYMBOLS = YES;
				GCC_OPTIMIZATION_LEVEL = 0;
				GCC_PRECOMPILE_PREFIX_HEADER = YES;
				GCC_PREFIX_HEADER = "";
				GCC_TREAT_WARNINGS_AS_ERRORS = YES;
				GCC_WARN_ABOUT_MISSING_PROTOTYPES = YES;
				GCC_WARN_CHECK_SWITCH_STATEMENTS = YES;
				GCC_WARN_INITIALIZER_NOT_FULLY_BRACKETED = YES;
				GCC_WARN_MISSING_PARENTHESES = YES;
				GCC_WARN_TYPECHECK_CALLS_TO_PRINTF = YES;
				GCC_WARN_UNINITIALIZED_AUTOS = NO;
				GCC_WARN_UNKNOWN_PRAGMAS = YES;
				GCC_WARN_UNUSED_FUNCTION = YES;
				GCC_WARN_UNUSED_LABEL = YES;
				GCC_WARN_UNUSED_VALUE = YES;
				GCC_WARN_UNUSED_VARIABLE = YES;
				INFOPLIST_FILE = Info.plist;
				INSTALL_PATH = "$(HOME)/Applications";
				PRODUCT_NAME = TLayer;
				WRAPPER_EXTENSION = app;
				ZERO_LINK = YES;
			};
			name = Development;
		};
		6BE0A7870B57F36600B09EE0 /* Deployment */ = {
			isa = XCBuildConfiguration;
			buildSettings = {
				COPY_PHASE_STRIP = YES;
				GCC_ENABLE_FIX_AND_CONTINUE = NO;
				GCC_GENERATE_DEBUGGING_SYMBOLS = NO;
				GCC_PRECOMPILE_PREFIX_HEADER = YES;
				GCC_PREFIX_HEADER = "";
				GCC_TREAT_WARNINGS_AS_ERRORS = YES;
				GCC_WARN_ABOUT_MISSING_PROTOTYPES = YES;
				GCC_WARN_CHECK_SWITCH_STATEMENTS = YES;
				GCC_WARN_INITIALIZER_NOT_FULLY_BRACKETED = YES;
				GCC_WARN_MISSING_PARENTHESES = YES;
				GCC_WARN_TYPECHECK_CALLS_TO_PRINTF = YES;
				GCC_WARN_UNINITIALIZED_AUTOS = NO;
				GCC_WARN_UNKNOWN_PRAGMAS = YES;
				GCC_WARN_UNUSED_FUNCTION = YES;
				GCC_WARN_UNUSED_LABEL = YES;
				GCC_WARN_UNUSED_VALUE = YES;
				GCC_WARN_UNUSED_VARIABLE = YES;
				INFOPLIST_FILE = Info.plist;
				INSTALL_PATH = "$(HOME)/Applications";
				PRODUCT_NAME = TLayer;
				WRAPPER_EXTENSION = app;
				ZERO_LINK = NO;
			};
			name = Deployment;
		};
		6BE0A7880B57F36600B09EE0 /* Default */ = {
			isa = XCBuildConfiguration;
			buildSettings = {
				GCC_GENERATE_DEBUGGING_SYMBOLS = NO;
				GCC_PRECOMPILE_PREFIX_HEADER = YES;
				GCC_PREFIX_HEADER = "";
				GCC_TREAT_WARNINGS_AS_ERRORS = YES;
				GCC_WARN_ABOUT_MISSING_PROTOTYPES = YES;
				GCC_WARN_CHECK_SWITCH_STATEMENTS = YES;
				GCC_WARN_INITIALIZER_NOT_FULLY_BRACKETED = YES;
				GCC_WARN_MISSING_PARENTHESES = YES;
				GCC_WARN_TYPECHECK_CALLS_TO_PRINTF = YES;
				GCC_WARN_UNINITIALIZED_AUTOS = NO;
				GCC_WARN_UNKNOWN_PRAGMAS = YES;
				GCC_WARN_UNUSED_FUNCTION = YES;
				GCC_WARN_UNUSED_LABEL = YES;
				GCC_WARN_UNUSED_VALUE = YES;
				GCC_WARN_UNUSED_VARIABLE = YES;
				INFOPLIST_FILE = Info.plist;
				INSTALL_PATH = "$(HOME)/Applications";
				PRODUCT_NAME = TLayer;
				WRAPPER_EXTENSION = app;
			};
			name = Default;
		};
/* End XCBuildConfiguration section */

/* Begin XCConfigurationList section */
		6BE0A7810B57F36600B09EE0 /* Build configuration list for PBXProject "TLayer" */ = {
			isa = XCConfigurationList;
			buildConfigurations = (
				6BE0A7820B57F36600B09EE0 /* Development */,
				6BE0A7830B57F36600B09EE0 /* Deployment */,
				6BE0A7840B57F36600B09EE0 /* Default */,
			);
			defaultConfigurationIsVisible = 0;
			defaultConfigurationName = Default;
		};
		6BE0A7850B57F36600B09EE0 /* Build configuration list for PBXNativeTarget "TLayer" */ = {
			isa = XCConfigurationList;
			buildConfigurations = (
				6BE0A7860B57F36600B09EE0 /* Development */,
				6BE0A7870B57F36600B09EE0 /* Deployment */,
				6BE0A7880B57F36600B09EE0 /* Default */,
			);
			defaultConfigurationIsVisible = 0;
			defaultConfigurationName = Default;
		};
/* End XCConfigurationList section */
	};
	rootObject = 29B97313FDCFA39411CA2CEA /* Project object */;
}
